// !$*UTF8*$!
{
	archiveVersion = 1;
	classes = {
	};
	objectVersion = 56;
	objects = {

/* Begin PBXBuildFile section */
		2029FE0A2A4F283A00C3A91C /* CarroselItemView.swift in Sources */ = {isa = PBXBuildFile; fileRef = 2029FE092A4F283A00C3A91C /* CarroselItemView.swift */; };
		2029FE0C2A4F335500C3A91C /* CarroselTabView.swift in Sources */ = {isa = PBXBuildFile; fileRef = 2029FE0B2A4F335500C3A91C /* CarroselTabView.swift */; };
		2029FE0F2A4F3A7700C3A91C /* StoreItemView.swift in Sources */ = {isa = PBXBuildFile; fileRef = 2029FE0E2A4F3A7700C3A91C /* StoreItemView.swift */; };
		202AA06A2A97DFC5003D3C3B /* StoreType.swift in Sources */ = {isa = PBXBuildFile; fileRef = 202AA0692A97DFC5003D3C3B /* StoreType.swift */; };
		202AA06C2A97E099003D3C3B /* ProductType.swift in Sources */ = {isa = PBXBuildFile; fileRef = 202AA06B2A97E099003D3C3B /* ProductType.swift */; };
		202AA06F2A982B81003D3C3B /* Double+.swift in Sources */ = {isa = PBXBuildFile; fileRef = 202AA06E2A982B81003D3C3B /* Double+.swift */; };
		202AA0722A983BD3003D3C3B /* ProductDetailView.swift in Sources */ = {isa = PBXBuildFile; fileRef = 202AA0712A983BD3003D3C3B /* ProductDetailView.swift */; };
		204052852A5B072D001EAF57 /* StoreDetailView.swift in Sources */ = {isa = PBXBuildFile; fileRef = 204052842A5B072D001EAF57 /* StoreDetailView.swift */; };
		206B25492A4DA8A6004B661B /* OrderType.swift in Sources */ = {isa = PBXBuildFile; fileRef = 206B25482A4DA8A6004B661B /* OrderType.swift */; };
		206B254B2A4DA919004B661B /* DataSourceMock.swift in Sources */ = {isa = PBXBuildFile; fileRef = 206B254A2A4DA919004B661B /* DataSourceMock.swift */; };
		206B254D2A4DB89A004B661B /* OrderTypeView.swift in Sources */ = {isa = PBXBuildFile; fileRef = 206B254C2A4DB89A004B661B /* OrderTypeView.swift */; };
		207F68DE2AA063540054D7F2 /* StoreDetailHeaderView.swift in Sources */ = {isa = PBXBuildFile; fileRef = 207F68DD2AA063540054D7F2 /* StoreDetailHeaderView.swift */; };
		2085E6912A4C1D5B00B624B5 /* deliveryAppApp.swift in Sources */ = {isa = PBXBuildFile; fileRef = 2085E6902A4C1D5B00B624B5 /* deliveryAppApp.swift */; };
		2085E6932A4C1D5B00B624B5 /* ContentView.swift in Sources */ = {isa = PBXBuildFile; fileRef = 2085E6922A4C1D5B00B624B5 /* ContentView.swift */; };
		2085E6952A4C1D5C00B624B5 /* Assets.xcassets in Resources */ = {isa = PBXBuildFile; fileRef = 2085E6942A4C1D5C00B624B5 /* Assets.xcassets */; };
		2085E6982A4C1D5C00B624B5 /* Preview Assets.xcassets in Resources */ = {isa = PBXBuildFile; fileRef = 2085E6972A4C1D5C00B624B5 /* Preview Assets.xcassets */; };
		2085E6A12A4C263200B624B5 /* NavigationBar.swift in Sources */ = {isa = PBXBuildFile; fileRef = 2085E6A02A4C263200B624B5 /* NavigationBar.swift */; };
		2085E6A42A4C476700B624B5 /* OrderTypeGridView.swift in Sources */ = {isa = PBXBuildFile; fileRef = 2085E6A32A4C476700B624B5 /* OrderTypeGridView.swift */; };
		20C60DD22A504E4D00247B38 /* StoreContainerView.swift in Sources */ = {isa = PBXBuildFile; fileRef = 20C60DD12A504E4D00247B38 /* StoreContainerView.swift */; };
		20D6407B2AA9222800FD04A2 /* StoreDetailProductsView.swift in Sources */ = {isa = PBXBuildFile; fileRef = 20D6407A2AA9222800FD04A2 /* StoreDetailProductsView.swift */; };
		20D6407D2AA92A1400FD04A2 /* StoreDetailProductsItemView.swift in Sources */ = {isa = PBXBuildFile; fileRef = 20D6407C2AA92A1400FD04A2 /* StoreDetailProductsItemView.swift */; };
		20D6407F2AA943E300FD04A2 /* ProductDetailHeaderView.swift in Sources */ = {isa = PBXBuildFile; fileRef = 20D6407E2AA943E300FD04A2 /* ProductDetailHeaderView.swift */; };
		20D640812AA944A600FD04A2 /* ProductDetailQuantityView.swift in Sources */ = {isa = PBXBuildFile; fileRef = 20D640802AA944A600FD04A2 /* ProductDetailQuantityView.swift */; };
/* End PBXBuildFile section */

/* Begin PBXFileReference section */
		2029FE092A4F283A00C3A91C /* CarroselItemView.swift */ = {isa = PBXFileReference; lastKnownFileType = sourcecode.swift; path = CarroselItemView.swift; sourceTree = "<group>"; };
		2029FE0B2A4F335500C3A91C /* CarroselTabView.swift */ = {isa = PBXFileReference; lastKnownFileType = sourcecode.swift; path = CarroselTabView.swift; sourceTree = "<group>"; };
		2029FE0E2A4F3A7700C3A91C /* StoreItemView.swift */ = {isa = PBXFileReference; lastKnownFileType = sourcecode.swift; path = StoreItemView.swift; sourceTree = "<group>"; };
		202AA0692A97DFC5003D3C3B /* StoreType.swift */ = {isa = PBXFileReference; lastKnownFileType = sourcecode.swift; path = StoreType.swift; sourceTree = "<group>"; };
		202AA06B2A97E099003D3C3B /* ProductType.swift */ = {isa = PBXFileReference; lastKnownFileType = sourcecode.swift; path = ProductType.swift; sourceTree = "<group>"; };
		202AA06E2A982B81003D3C3B /* Double+.swift */ = {isa = PBXFileReference; lastKnownFileType = sourcecode.swift; path = "Double+.swift"; sourceTree = "<group>"; };
		202AA0712A983BD3003D3C3B /* ProductDetailView.swift */ = {isa = PBXFileReference; lastKnownFileType = sourcecode.swift; path = ProductDetailView.swift; sourceTree = "<group>"; };
		204052842A5B072D001EAF57 /* StoreDetailView.swift */ = {isa = PBXFileReference; lastKnownFileType = sourcecode.swift; path = StoreDetailView.swift; sourceTree = "<group>"; };
		206B25482A4DA8A6004B661B /* OrderType.swift */ = {isa = PBXFileReference; lastKnownFileType = sourcecode.swift; path = OrderType.swift; sourceTree = "<group>"; };
		206B254A2A4DA919004B661B /* DataSourceMock.swift */ = {isa = PBXFileReference; lastKnownFileType = sourcecode.swift; path = DataSourceMock.swift; sourceTree = "<group>"; };
		206B254C2A4DB89A004B661B /* OrderTypeView.swift */ = {isa = PBXFileReference; lastKnownFileType = sourcecode.swift; path = OrderTypeView.swift; sourceTree = "<group>"; };
		207F68DD2AA063540054D7F2 /* StoreDetailHeaderView.swift */ = {isa = PBXFileReference; lastKnownFileType = sourcecode.swift; path = StoreDetailHeaderView.swift; sourceTree = "<group>"; };
		2085E68D2A4C1D5B00B624B5 /* deliveryApp.app */ = {isa = PBXFileReference; explicitFileType = wrapper.application; includeInIndex = 0; path = deliveryApp.app; sourceTree = BUILT_PRODUCTS_DIR; };
		2085E6902A4C1D5B00B624B5 /* deliveryAppApp.swift */ = {isa = PBXFileReference; lastKnownFileType = sourcecode.swift; path = deliveryAppApp.swift; sourceTree = "<group>"; };
		2085E6922A4C1D5B00B624B5 /* ContentView.swift */ = {isa = PBXFileReference; lastKnownFileType = sourcecode.swift; path = ContentView.swift; sourceTree = "<group>"; };
		2085E6942A4C1D5C00B624B5 /* Assets.xcassets */ = {isa = PBXFileReference; lastKnownFileType = folder.assetcatalog; path = Assets.xcassets; sourceTree = "<group>"; };
		2085E6972A4C1D5C00B624B5 /* Preview Assets.xcassets */ = {isa = PBXFileReference; lastKnownFileType = folder.assetcatalog; path = "Preview Assets.xcassets"; sourceTree = "<group>"; };
		2085E6A02A4C263200B624B5 /* NavigationBar.swift */ = {isa = PBXFileReference; lastKnownFileType = sourcecode.swift; path = NavigationBar.swift; sourceTree = "<group>"; };
		2085E6A32A4C476700B624B5 /* OrderTypeGridView.swift */ = {isa = PBXFileReference; lastKnownFileType = sourcecode.swift; path = OrderTypeGridView.swift; sourceTree = "<group>"; };
		20C60DD12A504E4D00247B38 /* StoreContainerView.swift */ = {isa = PBXFileReference; lastKnownFileType = sourcecode.swift; path = StoreContainerView.swift; sourceTree = "<group>"; };
		20D6407A2AA9222800FD04A2 /* StoreDetailProductsView.swift */ = {isa = PBXFileReference; lastKnownFileType = sourcecode.swift; path = StoreDetailProductsView.swift; sourceTree = "<group>"; };
		20D6407C2AA92A1400FD04A2 /* StoreDetailProductsItemView.swift */ = {isa = PBXFileReference; lastKnownFileType = sourcecode.swift; path = StoreDetailProductsItemView.swift; sourceTree = "<group>"; };
		20D6407E2AA943E300FD04A2 /* ProductDetailHeaderView.swift */ = {isa = PBXFileReference; lastKnownFileType = sourcecode.swift; path = ProductDetailHeaderView.swift; sourceTree = "<group>"; };
		20D640802AA944A600FD04A2 /* ProductDetailQuantityView.swift */ = {isa = PBXFileReference; lastKnownFileType = sourcecode.swift; path = ProductDetailQuantityView.swift; sourceTree = "<group>"; };
/* End PBXFileReference section */

/* Begin PBXFrameworksBuildPhase section */
		2085E68A2A4C1D5B00B624B5 /* Frameworks */ = {
			isa = PBXFrameworksBuildPhase;
			buildActionMask = 2147483647;
			files = (
			);
			runOnlyForDeploymentPostprocessing = 0;
		};
/* End PBXFrameworksBuildPhase section */

/* Begin PBXGroup section */
		2029FE082A4F281200C3A91C /* CarroselView */ = {
			isa = PBXGroup;
			children = (
				2029FE092A4F283A00C3A91C /* CarroselItemView.swift */,
				2029FE0B2A4F335500C3A91C /* CarroselTabView.swift */,
			);
			path = CarroselView;
			sourceTree = "<group>";
		};
		2029FE0D2A4F3A4D00C3A91C /* StoresView */ = {
			isa = PBXGroup;
			children = (
				207F68DC2AA063210054D7F2 /* StoredetailView */,
				2029FE0E2A4F3A7700C3A91C /* StoreItemView.swift */,
				20C60DD12A504E4D00247B38 /* StoreContainerView.swift */,
			);
			path = StoresView;
			sourceTree = "<group>";
		};
		202AA06D2A982B4F003D3C3B /* Extension */ = {
			isa = PBXGroup;
			children = (
				202AA06E2A982B81003D3C3B /* Double+.swift */,
			);
			path = Extension;
			sourceTree = "<group>";
		};
		202AA0702A983BAF003D3C3B /* ProductView */ = {
			isa = PBXGroup;
			children = (
				202AA0712A983BD3003D3C3B /* ProductDetailView.swift */,
				20D6407E2AA943E300FD04A2 /* ProductDetailHeaderView.swift */,
				20D640802AA944A600FD04A2 /* ProductDetailQuantityView.swift */,
			);
			path = ProductView;
			sourceTree = "<group>";
		};
		206B25472A4DA88C004B661B /* Models */ = {
			isa = PBXGroup;
			children = (
				206B25482A4DA8A6004B661B /* OrderType.swift */,
				206B254A2A4DA919004B661B /* DataSourceMock.swift */,
				202AA0692A97DFC5003D3C3B /* StoreType.swift */,
				202AA06B2A97E099003D3C3B /* ProductType.swift */,
			);
			path = Models;
			sourceTree = "<group>";
		};
		207F68DC2AA063210054D7F2 /* StoredetailView */ = {
			isa = PBXGroup;
			children = (
				204052842A5B072D001EAF57 /* StoreDetailView.swift */,
				207F68DD2AA063540054D7F2 /* StoreDetailHeaderView.swift */,
				20D6407A2AA9222800FD04A2 /* StoreDetailProductsView.swift */,
				20D6407C2AA92A1400FD04A2 /* StoreDetailProductsItemView.swift */,
			);
			path = StoredetailView;
			sourceTree = "<group>";
		};
		2085E6842A4C1D5B00B624B5 = {
			isa = PBXGroup;
			children = (
				2085E68F2A4C1D5B00B624B5 /* deliveryApp */,
				2085E6942A4C1D5C00B624B5 /* Assets.xcassets */,
				2085E68E2A4C1D5B00B624B5 /* Products */,
			);
			sourceTree = "<group>";
		};
		2085E68E2A4C1D5B00B624B5 /* Products */ = {
			isa = PBXGroup;
			children = (
				2085E68D2A4C1D5B00B624B5 /* deliveryApp.app */,
			);
			name = Products;
			sourceTree = "<group>";
		};
		2085E68F2A4C1D5B00B624B5 /* deliveryApp */ = {
			isa = PBXGroup;
			children = (
				202AA06D2A982B4F003D3C3B /* Extension */,
				2085E6962A4C1D5C00B624B5 /* Preview Content */,
				206B25472A4DA88C004B661B /* Models */,
				2085E69F2A4C25F900B624B5 /* App */,
				2085E69E2A4C25E000B624B5 /* NavigationBar */,
				2085E6A22A4C470800B624B5 /* GridView */,
				2029FE082A4F281200C3A91C /* CarroselView */,
				2029FE0D2A4F3A4D00C3A91C /* StoresView */,
				202AA0702A983BAF003D3C3B /* ProductView */,
			);
			path = deliveryApp;
			sourceTree = "<group>";
		};
		2085E6962A4C1D5C00B624B5 /* Preview Content */ = {
			isa = PBXGroup;
			children = (
				2085E6972A4C1D5C00B624B5 /* Preview Assets.xcassets */,
			);
			path = "Preview Content";
			sourceTree = "<group>";
		};
		2085E69E2A4C25E000B624B5 /* NavigationBar */ = {
			isa = PBXGroup;
			children = (
				2085E6A02A4C263200B624B5 /* NavigationBar.swift */,
			);
			path = NavigationBar;
			sourceTree = "<group>";
		};
		2085E69F2A4C25F900B624B5 /* App */ = {
			isa = PBXGroup;
			children = (
				2085E6902A4C1D5B00B624B5 /* deliveryAppApp.swift */,
				2085E6922A4C1D5B00B624B5 /* ContentView.swift */,
			);
			path = App;
			sourceTree = "<group>";
		};
		2085E6A22A4C470800B624B5 /* GridView */ = {
			isa = PBXGroup;
			children = (
				2085E6A32A4C476700B624B5 /* OrderTypeGridView.swift */,
				206B254C2A4DB89A004B661B /* OrderTypeView.swift */,
			);
			path = GridView;
			sourceTree = "<group>";
		};
/* End PBXGroup section */

/* Begin PBXNativeTarget section */
		2085E68C2A4C1D5B00B624B5 /* deliveryApp */ = {
			isa = PBXNativeTarget;
			buildConfigurationList = 2085E69B2A4C1D5C00B624B5 /* Build configuration list for PBXNativeTarget "deliveryApp" */;
			buildPhases = (
				2085E6892A4C1D5B00B624B5 /* Sources */,
				2085E68A2A4C1D5B00B624B5 /* Frameworks */,
				2085E68B2A4C1D5B00B624B5 /* Resources */,
			);
			buildRules = (
			);
			dependencies = (
			);
			name = deliveryApp;
			productName = deliveryApp;
			productReference = 2085E68D2A4C1D5B00B624B5 /* deliveryApp.app */;
			productType = "com.apple.product-type.application";
		};
/* End PBXNativeTarget section */

/* Begin PBXProject section */
		2085E6852A4C1D5B00B624B5 /* Project object */ = {
			isa = PBXProject;
			attributes = {
				BuildIndependentTargetsInParallel = 1;
				LastSwiftUpdateCheck = 1430;
				LastUpgradeCheck = 1430;
				TargetAttributes = {
					2085E68C2A4C1D5B00B624B5 = {
						CreatedOnToolsVersion = 14.3.1;
					};
				};
			};
			buildConfigurationList = 2085E6882A4C1D5B00B624B5 /* Build configuration list for PBXProject "deliveryApp" */;
			compatibilityVersion = "Xcode 14.0";
			developmentRegion = en;
			hasScannedForEncodings = 0;
			knownRegions = (
				en,
				Base,
			);
			mainGroup = 2085E6842A4C1D5B00B624B5;
			productRefGroup = 2085E68E2A4C1D5B00B624B5 /* Products */;
			projectDirPath = "";
			projectRoot = "";
			targets = (
				2085E68C2A4C1D5B00B624B5 /* deliveryApp */,
			);
		};
/* End PBXProject section */

/* Begin PBXResourcesBuildPhase section */
		2085E68B2A4C1D5B00B624B5 /* Resources */ = {
			isa = PBXResourcesBuildPhase;
			buildActionMask = 2147483647;
			files = (
				2085E6982A4C1D5C00B624B5 /* Preview Assets.xcassets in Resources */,
				2085E6952A4C1D5C00B624B5 /* Assets.xcassets in Resources */,
			);
			runOnlyForDeploymentPostprocessing = 0;
		};
/* End PBXResourcesBuildPhase section */

/* Begin PBXSourcesBuildPhase section */
		2085E6892A4C1D5B00B624B5 /* Sources */ = {
			isa = PBXSourcesBuildPhase;
			buildActionMask = 2147483647;
			files = (
				20D6407F2AA943E300FD04A2 /* ProductDetailHeaderView.swift in Sources */,
				206B25492A4DA8A6004B661B /* OrderType.swift in Sources */,
				202AA0722A983BD3003D3C3B /* ProductDetailView.swift in Sources */,
				202AA06C2A97E099003D3C3B /* ProductType.swift in Sources */,
				2085E6932A4C1D5B00B624B5 /* ContentView.swift in Sources */,
				206B254B2A4DA919004B661B /* DataSourceMock.swift in Sources */,
				20D640812AA944A600FD04A2 /* ProductDetailQuantityView.swift in Sources */,
				202AA06F2A982B81003D3C3B /* Double+.swift in Sources */,
				206B254D2A4DB89A004B661B /* OrderTypeView.swift in Sources */,
				2085E6A42A4C476700B624B5 /* OrderTypeGridView.swift in Sources */,
				2029FE0F2A4F3A7700C3A91C /* StoreItemView.swift in Sources */,
				2085E6912A4C1D5B00B624B5 /* deliveryAppApp.swift in Sources */,
				204052852A5B072D001EAF57 /* StoreDetailView.swift in Sources */,
				2029FE0C2A4F335500C3A91C /* CarroselTabView.swift in Sources */,
				2029FE0A2A4F283A00C3A91C /* CarroselItemView.swift in Sources */,
				20D6407D2AA92A1400FD04A2 /* StoreDetailProductsItemView.swift in Sources */,
				2085E6A12A4C263200B624B5 /* NavigationBar.swift in Sources */,
				202AA06A2A97DFC5003D3C3B /* StoreType.swift in Sources */,
				20D6407B2AA9222800FD04A2 /* StoreDetailProductsView.swift in Sources */,
				20C60DD22A504E4D00247B38 /* StoreContainerView.swift in Sources */,
				207F68DE2AA063540054D7F2 /* StoreDetailHeaderView.swift in Sources */,
			);
			runOnlyForDeploymentPostprocessing = 0;
		};
/* End PBXSourcesBuildPhase section */

/* Begin XCBuildConfiguration section */
		2085E6992A4C1D5C00B624B5 /* Debug */ = {
			isa = XCBuildConfiguration;
			buildSettings = {
				ALWAYS_SEARCH_USER_PATHS = NO;
				CLANG_ANALYZER_NONNULL = YES;
				CLANG_ANALYZER_NUMBER_OBJECT_CONVERSION = YES_AGGRESSIVE;
				CLANG_CXX_LANGUAGE_STANDARD = "gnu++20";
				CLANG_ENABLE_MODULES = YES;
				CLANG_ENABLE_OBJC_ARC = YES;
				CLANG_ENABLE_OBJC_WEAK = YES;
				CLANG_WARN_BLOCK_CAPTURE_AUTORELEASING = YES;
				CLANG_WARN_BOOL_CONVERSION = YES;
				CLANG_WARN_COMMA = YES;
				CLANG_WARN_CONSTANT_CONVERSION = YES;
				CLANG_WARN_DEPRECATED_OBJC_IMPLEMENTATIONS = YES;
				CLANG_WARN_DIRECT_OBJC_ISA_USAGE = YES_ERROR;
				CLANG_WARN_DOCUMENTATION_COMMENTS = YES;
				CLANG_WARN_EMPTY_BODY = YES;
				CLANG_WARN_ENUM_CONVERSION = YES;
				CLANG_WARN_INFINITE_RECURSION = YES;
				CLANG_WARN_INT_CONVERSION = YES;
				CLANG_WARN_NON_LITERAL_NULL_CONVERSION = YES;
				CLANG_WARN_OBJC_IMPLICIT_RETAIN_SELF = YES;
				CLANG_WARN_OBJC_LITERAL_CONVERSION = YES;
				CLANG_WARN_OBJC_ROOT_CLASS = YES_ERROR;
				CLANG_WARN_QUOTED_INCLUDE_IN_FRAMEWORK_HEADER = YES;
				CLANG_WARN_RANGE_LOOP_ANALYSIS = YES;
				CLANG_WARN_STRICT_PROTOTYPES = YES;
				CLANG_WARN_SUSPICIOUS_MOVE = YES;
				CLANG_WARN_UNGUARDED_AVAILABILITY = YES_AGGRESSIVE;
				CLANG_WARN_UNREACHABLE_CODE = YES;
				CLANG_WARN__DUPLICATE_METHOD_MATCH = YES;
				COPY_PHASE_STRIP = NO;
				DEBUG_INFORMATION_FORMAT = dwarf;
				ENABLE_STRICT_OBJC_MSGSEND = YES;
				ENABLE_TESTABILITY = YES;
				GCC_C_LANGUAGE_STANDARD = gnu11;
				GCC_DYNAMIC_NO_PIC = NO;
				GCC_NO_COMMON_BLOCKS = YES;
				GCC_OPTIMIZATION_LEVEL = 0;
				GCC_PREPROCESSOR_DEFINITIONS = (
					"DEBUG=1",
					"$(inherited)",
				);
				GCC_WARN_64_TO_32_BIT_CONVERSION = YES;
				GCC_WARN_ABOUT_RETURN_TYPE = YES_ERROR;
				GCC_WARN_UNDECLARED_SELECTOR = YES;
				GCC_WARN_UNINITIALIZED_AUTOS = YES_AGGRESSIVE;
				GCC_WARN_UNUSED_FUNCTION = YES;
				GCC_WARN_UNUSED_VARIABLE = YES;
				IPHONEOS_DEPLOYMENT_TARGET = 16.4;
				MTL_ENABLE_DEBUG_INFO = INCLUDE_SOURCE;
				MTL_FAST_MATH = YES;
				ONLY_ACTIVE_ARCH = YES;
				SDKROOT = iphoneos;
				SWIFT_ACTIVE_COMPILATION_CONDITIONS = DEBUG;
				SWIFT_OPTIMIZATION_LEVEL = "-Onone";
			};
			name = Debug;
		};
		2085E69A2A4C1D5C00B624B5 /* Release */ = {
			isa = XCBuildConfiguration;
			buildSettings = {
				ALWAYS_SEARCH_USER_PATHS = NO;
				CLANG_ANALYZER_NONNULL = YES;
				CLANG_ANALYZER_NUMBER_OBJECT_CONVERSION = YES_AGGRESSIVE;
				CLANG_CXX_LANGUAGE_STANDARD = "gnu++20";
				CLANG_ENABLE_MODULES = YES;
				CLANG_ENABLE_OBJC_ARC = YES;
				CLANG_ENABLE_OBJC_WEAK = YES;
				CLANG_WARN_BLOCK_CAPTURE_AUTORELEASING = YES;
				CLANG_WARN_BOOL_CONVERSION = YES;
				CLANG_WARN_COMMA = YES;
				CLANG_WARN_CONSTANT_CONVERSION = YES;
				CLANG_WARN_DEPRECATED_OBJC_IMPLEMENTATIONS = YES;
				CLANG_WARN_DIRECT_OBJC_ISA_USAGE = YES_ERROR;
				CLANG_WARN_DOCUMENTATION_COMMENTS = YES;
				CLANG_WARN_EMPTY_BODY = YES;
				CLANG_WARN_ENUM_CONVERSION = YES;
				CLANG_WARN_INFINITE_RECURSION = YES;
				CLANG_WARN_INT_CONVERSION = YES;
				CLANG_WARN_NON_LITERAL_NULL_CONVERSION = YES;
				CLANG_WARN_OBJC_IMPLICIT_RETAIN_SELF = YES;
				CLANG_WARN_OBJC_LITERAL_CONVERSION = YES;
				CLANG_WARN_OBJC_ROOT_CLASS = YES_ERROR;
				CLANG_WARN_QUOTED_INCLUDE_IN_FRAMEWORK_HEADER = YES;
				CLANG_WARN_RANGE_LOOP_ANALYSIS = YES;
				CLANG_WARN_STRICT_PROTOTYPES = YES;
				CLANG_WARN_SUSPICIOUS_MOVE = YES;
				CLANG_WARN_UNGUARDED_AVAILABILITY = YES_AGGRESSIVE;
				CLANG_WARN_UNREACHABLE_CODE = YES;
				CLANG_WARN__DUPLICATE_METHOD_MATCH = YES;
				COPY_PHASE_STRIP = NO;
				DEBUG_INFORMATION_FORMAT = "dwarf-with-dsym";
				ENABLE_NS_ASSERTIONS = NO;
				ENABLE_STRICT_OBJC_MSGSEND = YES;
				GCC_C_LANGUAGE_STANDARD = gnu11;
				GCC_NO_COMMON_BLOCKS = YES;
				GCC_WARN_64_TO_32_BIT_CONVERSION = YES;
				GCC_WARN_ABOUT_RETURN_TYPE = YES_ERROR;
				GCC_WARN_UNDECLARED_SELECTOR = YES;
				GCC_WARN_UNINITIALIZED_AUTOS = YES_AGGRESSIVE;
				GCC_WARN_UNUSED_FUNCTION = YES;
				GCC_WARN_UNUSED_VARIABLE = YES;
				IPHONEOS_DEPLOYMENT_TARGET = 16.4;
				MTL_ENABLE_DEBUG_INFO = NO;
				MTL_FAST_MATH = YES;
				SDKROOT = iphoneos;
				SWIFT_COMPILATION_MODE = wholemodule;
				SWIFT_OPTIMIZATION_LEVEL = "-O";
				VALIDATE_PRODUCT = YES;
			};
			name = Release;
		};
		2085E69C2A4C1D5C00B624B5 /* Debug */ = {
			isa = XCBuildConfiguration;
			buildSettings = {
				ASSETCATALOG_COMPILER_APPICON_NAME = AppIcon;
				ASSETCATALOG_COMPILER_GLOBAL_ACCENT_COLOR_NAME = AccentColor;
				CODE_SIGN_STYLE = Automatic;
				CURRENT_PROJECT_VERSION = 1;
				DEVELOPMENT_ASSET_PATHS = "\"deliveryApp/Preview Content\"";
				DEVELOPMENT_TEAM = 4DU76H96MR;
				ENABLE_PREVIEWS = YES;
				GENERATE_INFOPLIST_FILE = YES;
				INFOPLIST_KEY_UIApplicationSceneManifest_Generation = YES;
				INFOPLIST_KEY_UIApplicationSupportsIndirectInputEvents = YES;
				INFOPLIST_KEY_UILaunchScreen_Generation = YES;
				INFOPLIST_KEY_UISupportedInterfaceOrientations_iPad = "UIInterfaceOrientationPortrait UIInterfaceOrientationPortraitUpsideDown UIInterfaceOrientationLandscapeLeft UIInterfaceOrientationLandscapeRight";
				INFOPLIST_KEY_UISupportedInterfaceOrientations_iPhone = "UIInterfaceOrientationPortrait UIInterfaceOrientationLandscapeLeft UIInterfaceOrientationLandscapeRight";
				LD_RUNPATH_SEARCH_PATHS = (
					"$(inherited)",
					"@executable_path/Frameworks",
				);
				MARKETING_VERSION = 1.0;
				PRODUCT_BUNDLE_IDENTIFIER = delivery.com.deliveryApp;
				PRODUCT_NAME = "$(TARGET_NAME)";
				SWIFT_EMIT_LOC_STRINGS = YES;
				SWIFT_VERSION = 5.0;
				TARGETED_DEVICE_FAMILY = "1,2";
			};
			name = Debug;
		};
		2085E69D2A4C1D5C00B624B5 /* Release */ = {
			isa = XCBuildConfiguration;
			buildSettings = {
				ASSETCATALOG_COMPILER_APPICON_NAME = AppIcon;
				ASSETCATALOG_COMPILER_GLOBAL_ACCENT_COLOR_NAME = AccentColor;
				CODE_SIGN_STYLE = Automatic;
				CURRENT_PROJECT_VERSION = 1;
				DEVELOPMENT_ASSET_PATHS = "\"deliveryApp/Preview Content\"";
				DEVELOPMENT_TEAM = 4DU76H96MR;
				ENABLE_PREVIEWS = YES;
				GENERATE_INFOPLIST_FILE = YES;
				INFOPLIST_KEY_UIApplicationSceneManifest_Generation = YES;
				INFOPLIST_KEY_UIApplicationSupportsIndirectInputEvents = YES;
				INFOPLIST_KEY_UILaunchScreen_Generation = YES;
				INFOPLIST_KEY_UISupportedInterfaceOrientations_iPad = "UIInterfaceOrientationPortrait UIInterfaceOrientationPortraitUpsideDown UIInterfaceOrientationLandscapeLeft UIInterfaceOrientationLandscapeRight";
				INFOPLIST_KEY_UISupportedInterfaceOrientations_iPhone = "UIInterfaceOrientationPortrait UIInterfaceOrientationLandscapeLeft UIInterfaceOrientationLandscapeRight";
				LD_RUNPATH_SEARCH_PATHS = (
					"$(inherited)",
					"@executable_path/Frameworks",
				);
				MARKETING_VERSION = 1.0;
				PRODUCT_BUNDLE_IDENTIFIER = delivery.com.deliveryApp;
				PRODUCT_NAME = "$(TARGET_NAME)";
				SWIFT_EMIT_LOC_STRINGS = YES;
				SWIFT_VERSION = 5.0;
				TARGETED_DEVICE_FAMILY = "1,2";
			};
			name = Release;
		};
/* End XCBuildConfiguration section */

/* Begin XCConfigurationList section */
		2085E6882A4C1D5B00B624B5 /* Build configuration list for PBXProject "deliveryApp" */ = {
			isa = XCConfigurationList;
			buildConfigurations = (
				2085E6992A4C1D5C00B624B5 /* Debug */,
				2085E69A2A4C1D5C00B624B5 /* Release */,
			);
			defaultConfigurationIsVisible = 0;
			defaultConfigurationName = Release;
		};
		2085E69B2A4C1D5C00B624B5 /* Build configuration list for PBXNativeTarget "deliveryApp" */ = {
			isa = XCConfigurationList;
			buildConfigurations = (
				2085E69C2A4C1D5C00B624B5 /* Debug */,
				2085E69D2A4C1D5C00B624B5 /* Release */,
			);
			defaultConfigurationIsVisible = 0;
			defaultConfigurationName = Release;
		};
/* End XCConfigurationList section */
	};
	rootObject = 2085E6852A4C1D5B00B624B5 /* Project object */;
}
